
Microsoft Visual Studio Solution File, Format Version 12.00
# Visual Studio Version 17
VisualStudioVersion = 17.3.32929.385
MinimumVisualStudioVersion = 10.0.40219.1
Project("{2150E333-8FDC-42A3-9474-1A3956D46DE8}") = "Services", "Services", "{2E0C15BB-A7C7-4FEB-90EE-BFEAB1927941}"
EndProject
Project("{2150E333-8FDC-42A3-9474-1A3956D46DE8}") = "Catalog", "Catalog", "{2DFEE9D1-2C9C-49AE-A578-7B81D541FBBF}"
EndProject
Project("{9A19103F-16F7-4668-BE54-9A1E7A4F7556}") = "FreeCourse.Services.Catalog", "Services\Catalog\FreeCourse.Services.Catalog\FreeCourse.Services.Catalog.csproj", "{6A67CE27-6064-4178-BA7C-FEA8A6ED63FB}"
EndProject
Project("{2150E333-8FDC-42A3-9474-1A3956D46DE8}") = "Solution Items", "Solution Items", "{1A9A7FD1-46BB-490E-9F18-630848AFDFB0}"
	ProjectSection(SolutionItems) = preProject
		Notes.txt = Notes.txt
		Ports.txt = Ports.txt
	EndProjectSection
EndProject
Project("{2150E333-8FDC-42A3-9474-1A3956D46DE8}") = "Shared", "Shared", "{87B99EF0-E5F8-49D5-91DD-F0FDF260BCCF}"
EndProject
Project("{9A19103F-16F7-4668-BE54-9A1E7A4F7556}") = "FreeCourse.Shared", "Shared\FreeCourse.Shared\FreeCourse.Shared.csproj", "{BD4E602C-3F70-43FF-8867-53D655080CAD}"
EndProject
Project("{2150E333-8FDC-42A3-9474-1A3956D46DE8}") = "IdentityServer", "IdentityServer", "{1D5CF8A4-F52D-476F-9BE9-D9F21B9BF30E}"
EndProject
Project("{9A19103F-16F7-4668-BE54-9A1E7A4F7556}") = "FreeCourse.IdentityServer", "IdentityServer\FreeCourse.IdentityServer\FreeCourse.IdentityServer.csproj", "{4F7FEA86-DBD7-4171-90DC-F2AC63367767}"
EndProject
Project("{2150E333-8FDC-42A3-9474-1A3956D46DE8}") = "PhotoStock", "PhotoStock", "{EAB350D2-0EB9-4750-B952-FB19BCC9156B}"
EndProject
Project("{9A19103F-16F7-4668-BE54-9A1E7A4F7556}") = "FreeCourse.Services.PhotoStock", "Services\PhotoStock\FreeCourse.Services.PhotoStock\FreeCourse.Services.PhotoStock.csproj", "{9E37CC55-83FB-4F15-B193-CB1987464186}"
EndProject
Project("{2150E333-8FDC-42A3-9474-1A3956D46DE8}") = "Basket", "Basket", "{52AD5543-7C5C-4573-8645-C4ADE7A0993E}"
EndProject
Project("{9A19103F-16F7-4668-BE54-9A1E7A4F7556}") = "FreeCourse.Services.Basket", "Services\Basket\FreeCourse.Services.Basket\FreeCourse.Services.Basket.csproj", "{DDC8847E-D3F6-4092-B6ED-FF172F8AFC4C}"
EndProject
Project("{2150E333-8FDC-42A3-9474-1A3956D46DE8}") = "Discount", "Discount", "{7D38B335-3EC8-4FF0-947C-9C9C2004BE89}"
EndProject
Project("{9A19103F-16F7-4668-BE54-9A1E7A4F7556}") = "FreeCourse.Services.Discount", "Services\Discount\FreeCourse.Services.Discount\FreeCourse.Services.Discount.csproj", "{A988A81F-4448-4B0F-8509-F2056DC9E99F}"
EndProject
Project("{2150E333-8FDC-42A3-9474-1A3956D46DE8}") = "Order", "Order", "{82EC0814-D750-40F8-8E3B-53243A3753C9}"
EndProject
Project("{9A19103F-16F7-4668-BE54-9A1E7A4F7556}") = "FreeCourse.Services.Order.API", "Services\Order\FreeCourse.Services.Order.API\FreeCourse.Services.Order.API.csproj", "{BA6D13C5-3A49-464B-ADE4-2C4E80C0DAC2}"
EndProject
Project("{9A19103F-16F7-4668-BE54-9A1E7A4F7556}") = "FreeCourse.Services.Order.Application", "Services\Order\FreeCourse.Services.Order.Application\FreeCourse.Services.Order.Application.csproj", "{FD45B28E-034F-4777-B5D7-3A92618469EE}"
EndProject
Project("{9A19103F-16F7-4668-BE54-9A1E7A4F7556}") = "FreeCourse.Services.Order.Domain", "Services\Order\FreeCourse.Services.Order.Domain\FreeCourse.Services.Order.Domain.csproj", "{B8C0CEE2-BCB5-436F-8EEB-D8B07855E71C}"
EndProject
Project("{9A19103F-16F7-4668-BE54-9A1E7A4F7556}") = "FreeCourse.Services.Order.Domain.Core", "Services\Order\FreeCourse.Services.Order.Domain.Core\FreeCourse.Services.Order.Domain.Core.csproj", "{3BFB31B2-3A8F-4B70-890D-3AE949478554}"
EndProject
Project("{9A19103F-16F7-4668-BE54-9A1E7A4F7556}") = "FreeCourse.Services.Order.Infrastructure", "Services\Order\FreeCourse.Services.Order.Infrastructure\FreeCourse.Services.Order.Infrastructure.csproj", "{253C78CB-C7FB-46F8-AAFB-7F12C71D26C0}"
EndProject
Project("{2150E333-8FDC-42A3-9474-1A3956D46DE8}") = "FakePayment", "FakePayment", "{22F338F3-C53E-4330-8116-FEE1726285D5}"
EndProject
Project("{9A19103F-16F7-4668-BE54-9A1E7A4F7556}") = "FreeCourse.Services.FakePayment", "Services\FakePayment\FreeCourse.Services.FakePayment\FreeCourse.Services.FakePayment.csproj", "{A2ED06F0-3C67-42D0-91C3-56E22AFFCB25}"
EndProject
Project("{2150E333-8FDC-42A3-9474-1A3956D46DE8}") = "Gateways", "Gateways", "{4834E988-E8D5-44EB-8BAB-76CB86449780}"
EndProject
Project("{9A19103F-16F7-4668-BE54-9A1E7A4F7556}") = "FreeCourse.Gateway", "Gateways\FreeCourse.Gateway\FreeCourse.Gateway.csproj", "{F393C278-D009-405C-9901-8F4243423426}"
EndProject
Project("{2150E333-8FDC-42A3-9474-1A3956D46DE8}") = "Frontends", "Frontends", "{85586FC1-349A-4638-9344-6AC38268E142}"
EndProject
Project("{FAE04EC0-301F-11D3-BF4B-00C04F79EFBC}") = "FreeCourse.Web", "Frontends\FreeCourse.Web\FreeCourse.Web.csproj", "{C1D5579B-8EA6-4100-99C4-E933CCDE7641}"
EndProject
Global
	GlobalSection(SolutionConfigurationPlatforms) = preSolution
		Debug|Any CPU = Debug|Any CPU
		Release|Any CPU = Release|Any CPU
	EndGlobalSection
	GlobalSection(ProjectConfigurationPlatforms) = postSolution
		{6A67CE27-6064-4178-BA7C-FEA8A6ED63FB}.Debug|Any CPU.ActiveCfg = Debug|Any CPU
		{6A67CE27-6064-4178-BA7C-FEA8A6ED63FB}.Debug|Any CPU.Build.0 = Debug|Any CPU
		{6A67CE27-6064-4178-BA7C-FEA8A6ED63FB}.Release|Any CPU.ActiveCfg = Release|Any CPU
		{6A67CE27-6064-4178-BA7C-FEA8A6ED63FB}.Release|Any CPU.Build.0 = Release|Any CPU
		{BD4E602C-3F70-43FF-8867-53D655080CAD}.Debug|Any CPU.ActiveCfg = Debug|Any CPU
		{BD4E602C-3F70-43FF-8867-53D655080CAD}.Debug|Any CPU.Build.0 = Debug|Any CPU
		{BD4E602C-3F70-43FF-8867-53D655080CAD}.Release|Any CPU.ActiveCfg = Release|Any CPU
		{BD4E602C-3F70-43FF-8867-53D655080CAD}.Release|Any CPU.Build.0 = Release|Any CPU
		{4F7FEA86-DBD7-4171-90DC-F2AC63367767}.Debug|Any CPU.ActiveCfg = Debug|Any CPU
		{4F7FEA86-DBD7-4171-90DC-F2AC63367767}.Debug|Any CPU.Build.0 = Debug|Any CPU
		{4F7FEA86-DBD7-4171-90DC-F2AC63367767}.Release|Any CPU.ActiveCfg = Release|Any CPU
		{4F7FEA86-DBD7-4171-90DC-F2AC63367767}.Release|Any CPU.Build.0 = Release|Any CPU
		{9E37CC55-83FB-4F15-B193-CB1987464186}.Debug|Any CPU.ActiveCfg = Debug|Any CPU
		{9E37CC55-83FB-4F15-B193-CB1987464186}.Debug|Any CPU.Build.0 = Debug|Any CPU
		{9E37CC55-83FB-4F15-B193-CB1987464186}.Release|Any CPU.ActiveCfg = Release|Any CPU
		{9E37CC55-83FB-4F15-B193-CB1987464186}.Release|Any CPU.Build.0 = Release|Any CPU
		{DDC8847E-D3F6-4092-B6ED-FF172F8AFC4C}.Debug|Any CPU.ActiveCfg = Debug|Any CPU
		{DDC8847E-D3F6-4092-B6ED-FF172F8AFC4C}.Debug|Any CPU.Build.0 = Debug|Any CPU
		{DDC8847E-D3F6-4092-B6ED-FF172F8AFC4C}.Release|Any CPU.ActiveCfg = Release|Any CPU
		{DDC8847E-D3F6-4092-B6ED-FF172F8AFC4C}.Release|Any CPU.Build.0 = Release|Any CPU
		{A988A81F-4448-4B0F-8509-F2056DC9E99F}.Debug|Any CPU.ActiveCfg = Debug|Any CPU
		{A988A81F-4448-4B0F-8509-F2056DC9E99F}.Debug|Any CPU.Build.0 = Debug|Any CPU
		{A988A81F-4448-4B0F-8509-F2056DC9E99F}.Release|Any CPU.ActiveCfg = Release|Any CPU
		{A988A81F-4448-4B0F-8509-F2056DC9E99F}.Release|Any CPU.Build.0 = Release|Any CPU
		{BA6D13C5-3A49-464B-ADE4-2C4E80C0DAC2}.Debug|Any CPU.ActiveCfg = Debug|Any CPU
		{BA6D13C5-3A49-464B-ADE4-2C4E80C0DAC2}.Debug|Any CPU.Build.0 = Debug|Any CPU
		{BA6D13C5-3A49-464B-ADE4-2C4E80C0DAC2}.Release|Any CPU.ActiveCfg = Release|Any CPU
		{BA6D13C5-3A49-464B-ADE4-2C4E80C0DAC2}.Release|Any CPU.Build.0 = Release|Any CPU
		{FD45B28E-034F-4777-B5D7-3A92618469EE}.Debug|Any CPU.ActiveCfg = Debug|Any CPU
		{FD45B28E-034F-4777-B5D7-3A92618469EE}.Debug|Any CPU.Build.0 = Debug|Any CPU
		{FD45B28E-034F-4777-B5D7-3A92618469EE}.Release|Any CPU.ActiveCfg = Release|Any CPU
		{FD45B28E-034F-4777-B5D7-3A92618469EE}.Release|Any CPU.Build.0 = Release|Any CPU
		{B8C0CEE2-BCB5-436F-8EEB-D8B07855E71C}.Debug|Any CPU.ActiveCfg = Debug|Any CPU
		{B8C0CEE2-BCB5-436F-8EEB-D8B07855E71C}.Debug|Any CPU.Build.0 = Debug|Any CPU
		{B8C0CEE2-BCB5-436F-8EEB-D8B07855E71C}.Release|Any CPU.ActiveCfg = Release|Any CPU
		{B8C0CEE2-BCB5-436F-8EEB-D8B07855E71C}.Release|Any CPU.Build.0 = Release|Any CPU
		{3BFB31B2-3A8F-4B70-890D-3AE949478554}.Debug|Any CPU.ActiveCfg = Debug|Any CPU
		{3BFB31B2-3A8F-4B70-890D-3AE949478554}.Debug|Any CPU.Build.0 = Debug|Any CPU
		{3BFB31B2-3A8F-4B70-890D-3AE949478554}.Release|Any CPU.ActiveCfg = Release|Any CPU
		{3BFB31B2-3A8F-4B70-890D-3AE949478554}.Release|Any CPU.Build.0 = Release|Any CPU
		{253C78CB-C7FB-46F8-AAFB-7F12C71D26C0}.Debug|Any CPU.ActiveCfg = Debug|Any CPU
		{253C78CB-C7FB-46F8-AAFB-7F12C71D26C0}.Debug|Any CPU.Build.0 = Debug|Any CPU
		{253C78CB-C7FB-46F8-AAFB-7F12C71D26C0}.Release|Any CPU.ActiveCfg = Release|Any CPU
		{253C78CB-C7FB-46F8-AAFB-7F12C71D26C0}.Release|Any CPU.Build.0 = Release|Any CPU
		{A2ED06F0-3C67-42D0-91C3-56E22AFFCB25}.Debug|Any CPU.ActiveCfg = Debug|Any CPU
		{A2ED06F0-3C67-42D0-91C3-56E22AFFCB25}.Debug|Any CPU.Build.0 = Debug|Any CPU
		{A2ED06F0-3C67-42D0-91C3-56E22AFFCB25}.Release|Any CPU.ActiveCfg = Release|Any CPU
		{A2ED06F0-3C67-42D0-91C3-56E22AFFCB25}.Release|Any CPU.Build.0 = Release|Any CPU
		{F393C278-D009-405C-9901-8F4243423426}.Debug|Any CPU.ActiveCfg = Debug|Any CPU
		{F393C278-D009-405C-9901-8F4243423426}.Debug|Any CPU.Build.0 = Debug|Any CPU
		{F393C278-D009-405C-9901-8F4243423426}.Release|Any CPU.ActiveCfg = Release|Any CPU
		{F393C278-D009-405C-9901-8F4243423426}.Release|Any CPU.Build.0 = Release|Any CPU
		{C1D5579B-8EA6-4100-99C4-E933CCDE7641}.Debug|Any CPU.ActiveCfg = Debug|Any CPU
		{C1D5579B-8EA6-4100-99C4-E933CCDE7641}.Debug|Any CPU.Build.0 = Debug|Any CPU
		{C1D5579B-8EA6-4100-99C4-E933CCDE7641}.Release|Any CPU.ActiveCfg = Release|Any CPU
		{C1D5579B-8EA6-4100-99C4-E933CCDE7641}.Release|Any CPU.Build.0 = Release|Any CPU
	EndGlobalSection
	GlobalSection(SolutionProperties) = preSolution
		HideSolutionNode = FALSE
	EndGlobalSection
	GlobalSection(NestedProjects) = preSolution
		{2DFEE9D1-2C9C-49AE-A578-7B81D541FBBF} = {2E0C15BB-A7C7-4FEB-90EE-BFEAB1927941}
		{6A67CE27-6064-4178-BA7C-FEA8A6ED63FB} = {2DFEE9D1-2C9C-49AE-A578-7B81D541FBBF}
		{BD4E602C-3F70-43FF-8867-53D655080CAD} = {87B99EF0-E5F8-49D5-91DD-F0FDF260BCCF}
		{4F7FEA86-DBD7-4171-90DC-F2AC63367767} = {1D5CF8A4-F52D-476F-9BE9-D9F21B9BF30E}
		{EAB350D2-0EB9-4750-B952-FB19BCC9156B} = {2E0C15BB-A7C7-4FEB-90EE-BFEAB1927941}
		{9E37CC55-83FB-4F15-B193-CB1987464186} = {EAB350D2-0EB9-4750-B952-FB19BCC9156B}
		{52AD5543-7C5C-4573-8645-C4ADE7A0993E} = {2E0C15BB-A7C7-4FEB-90EE-BFEAB1927941}
		{DDC8847E-D3F6-4092-B6ED-FF172F8AFC4C} = {52AD5543-7C5C-4573-8645-C4ADE7A0993E}
		{7D38B335-3EC8-4FF0-947C-9C9C2004BE89} = {2E0C15BB-A7C7-4FEB-90EE-BFEAB1927941}
		{A988A81F-4448-4B0F-8509-F2056DC9E99F} = {7D38B335-3EC8-4FF0-947C-9C9C2004BE89}
		{82EC0814-D750-40F8-8E3B-53243A3753C9} = {2E0C15BB-A7C7-4FEB-90EE-BFEAB1927941}
		{BA6D13C5-3A49-464B-ADE4-2C4E80C0DAC2} = {82EC0814-D750-40F8-8E3B-53243A3753C9}
		{FD45B28E-034F-4777-B5D7-3A92618469EE} = {82EC0814-D750-40F8-8E3B-53243A3753C9}
		{B8C0CEE2-BCB5-436F-8EEB-D8B07855E71C} = {82EC0814-D750-40F8-8E3B-53243A3753C9}
		{3BFB31B2-3A8F-4B70-890D-3AE949478554} = {82EC0814-D750-40F8-8E3B-53243A3753C9}
		{253C78CB-C7FB-46F8-AAFB-7F12C71D26C0} = {82EC0814-D750-40F8-8E3B-53243A3753C9}
		{22F338F3-C53E-4330-8116-FEE1726285D5} = {2E0C15BB-A7C7-4FEB-90EE-BFEAB1927941}
		{A2ED06F0-3C67-42D0-91C3-56E22AFFCB25} = {22F338F3-C53E-4330-8116-FEE1726285D5}
		{F393C278-D009-405C-9901-8F4243423426} = {4834E988-E8D5-44EB-8BAB-76CB86449780}
		{C1D5579B-8EA6-4100-99C4-E933CCDE7641} = {85586FC1-349A-4638-9344-6AC38268E142}
	EndGlobalSection
	GlobalSection(ExtensibilityGlobals) = postSolution
		SolutionGuid = {1571A712-F3A0-4CE4-90AF-B2E766222CB3}
	EndGlobalSection
EndGlobal
